Microsoft Visual Studio Solution File, Format Version 12.00
# Visual Studio Version 17
VisualStudioVersion = 17.11.35222.181
MinimumVisualStudioVersion = 10.0.40219.1
Project("{2150E333-8FDC-42A3-9474-1A3956D46DE8}") = "src", "src", "{5838A3B6-95C1-54FD-8DA8-569D46E3931E}"
EndProject
Project("{2150E333-8FDC-42A3-9474-1A3956D46DE8}") = "tests", "tests", "{A30F0C26-5597-58D5-B574-BAE6AB97D2DC}"
EndProject
Project("{9A19103F-16F7-4668-BE54-9A1E7A4F7556}") = "FcTelecom.Domain", "src\FcTelecom.Domain\FcTelecom.Domain.csproj", "{DDE3F0B6-B75F-5108-9C6D-D618F942DE35}"
EndProject
Project("{9A19103F-16F7-4668-BE54-9A1E7A4F7556}") = "FcTelecom.Application", "src\FcTelecom.Application\FcTelecom.Application.csproj", "{AA8A42F7-67B1-5C84-A58B-D1C245E265E1}"
EndProject
Project("{9A19103F-16F7-4668-BE54-9A1E7A4F7556}") = "FcTelecom.Infrastructure", "src\FcTelecom.Infrastructure\FcTelecom.Infrastructure.csproj", "{1DC08590-8601-580E-A442-5BFEEF90828E}"
EndProject
Project("{9A19103F-16F7-4668-BE54-9A1E7A4F7556}") = "FcTelecom.Web", "src\FcTelecom.Web\FcTelecom.Web.csproj", "{906C8EDB-68D9-5521-88CD-87337E3913CF}"
EndProject
Project("{9A19103F-16F7-4668-BE54-9A1E7A4F7556}") = "FcTelecom.Domain.UnitTests", "tests\FcTelecom.Domain.UnitTests\FcTelecom.Domain.UnitTests.csproj", "{14C15BEB-68E1-5F16-823E-E63CA6FB084D}"
EndProject
Project("{9A19103F-16F7-4668-BE54-9A1E7A4F7556}") = "FcTelecom.Architecture.Tests", "tests\FcTelecom.Architecture.Tests\FcTelecom.Architecture.Tests.csproj", "{20D315C7-E904-5094-B9EC-A505BA3AC3E9}"
EndProject
Global
	GlobalSection(SolutionConfigurationPlatforms) = preSolution
		Debug|Any CPU = Debug|Any CPU
		Release|Any CPU = Release|Any CPU
	EndGlobalSection
	GlobalSection(ProjectConfigurationPlatforms) = postSolution
		{DDE3F0B6-B75F-5108-9C6D-D618F942DE35}.Debug|Any CPU.ActiveCfg = Debug|Any CPU
		{DDE3F0B6-B75F-5108-9C6D-D618F942DE35}.Debug|Any CPU.Build.0 = Debug|Any CPU
		{DDE3F0B6-B75F-5108-9C6D-D618F942DE35}.Release|Any CPU.ActiveCfg = Release|Any CPU
		{DDE3F0B6-B75F-5108-9C6D-D618F942DE35}.Release|Any CPU.Build.0 = Release|Any CPU
		{AA8A42F7-67B1-5C84-A58B-D1C245E265E1}.Debug|Any CPU.ActiveCfg = Debug|Any CPU
		{AA8A42F7-67B1-5C84-A58B-D1C245E265E1}.Debug|Any CPU.Build.0 = Debug|Any CPU
		{AA8A42F7-67B1-5C84-A58B-D1C245E265E1}.Release|Any CPU.ActiveCfg = Release|Any CPU
		{AA8A42F7-67B1-5C84-A58B-D1C245E265E1}.Release|Any CPU.Build.0 = Release|Any CPU
		{1DC08590-8601-580E-A442-5BFEEF90828E}.Debug|Any CPU.ActiveCfg = Debug|Any CPU
		{1DC08590-8601-580E-A442-5BFEEF90828E}.Debug|Any CPU.Build.0 = Debug|Any CPU
		{1DC08590-8601-580E-A442-5BFEEF90828E}.Release|Any CPU.ActiveCfg = Release|Any CPU
		{1DC08590-8601-580E-A442-5BFEEF90828E}.Release|Any CPU.Build.0 = Release|Any CPU
		{906C8EDB-68D9-5521-88CD-87337E3913CF}.Debug|Any CPU.ActiveCfg = Debug|Any CPU
		{906C8EDB-68D9-5521-88CD-87337E3913CF}.Debug|Any CPU.Build.0 = Debug|Any CPU
		{906C8EDB-68D9-5521-88CD-87337E3913CF}.Release|Any CPU.ActiveCfg = Release|Any CPU
		{906C8EDB-68D9-5521-88CD-87337E3913CF}.Release|Any CPU.Build.0 = Release|Any CPU
		{14C15BEB-68E1-5F16-823E-E63CA6FB084D}.Debug|Any CPU.ActiveCfg = Debug|Any CPU
		{14C15BEB-68E1-5F16-823E-E63CA6FB084D}.Debug|Any CPU.Build.0 = Debug|Any CPU
		{14C15BEB-68E1-5F16-823E-E63CA6FB084D}.Release|Any CPU.ActiveCfg = Release|Any CPU
		{14C15BEB-68E1-5F16-823E-E63CA6FB084D}.Release|Any CPU.Build.0 = Release|Any CPU
		{20D315C7-E904-5094-B9EC-A505BA3AC3E9}.Debug|Any CPU.ActiveCfg = Debug|Any CPU
		{20D315C7-E904-5094-B9EC-A505BA3AC3E9}.Debug|Any CPU.Build.0 = Debug|Any CPU
		{20D315C7-E904-5094-B9EC-A505BA3AC3E9}.Release|Any CPU.ActiveCfg = Release|Any CPU
		{20D315C7-E904-5094-B9EC-A505BA3AC3E9}.Release|Any CPU.Build.0 = Release|Any CPU
	EndGlobalSection
	GlobalSection(SolutionProperties) = preSolution
		HideSolutionNode = FALSE
	EndGlobalSection
	GlobalSection(NestedProjects) = preSolution
		{DDE3F0B6-B75F-5108-9C6D-D618F942DE35} = {5838A3B6-95C1-54FD-8DA8-569D46E3931E}
		{AA8A42F7-67B1-5C84-A58B-D1C245E265E1} = {5838A3B6-95C1-54FD-8DA8-569D46E3931E}
		{1DC08590-8601-580E-A442-5BFEEF90828E} = {5838A3B6-95C1-54FD-8DA8-569D46E3931E}
		{906C8EDB-68D9-5521-88CD-87337E3913CF} = {5838A3B6-95C1-54FD-8DA8-569D46E3931E}
		{14C15BEB-68E1-5F16-823E-E63CA6FB084D} = {A30F0C26-5597-58D5-B574-BAE6AB97D2DC}
		{20D315C7-E904-5094-B9EC-A505BA3AC3E9} = {A30F0C26-5597-58D5-B574-BAE6AB97D2DC}
	EndGlobalSection
	GlobalSection(ExtensibilityGlobals) = postSolution
		SolutionGuid = {70D6CC10-10DB-5280-80A8-BB30AE68B73A}
	EndGlobalSection
EndGlobal
